
Microsoft Visual Studio Solution File, Format Version 12.00
# Visual Studio Version 17
VisualStudioVersion = 17.4.33110.190
MinimumVisualStudioVersion = 10.0.40219.1
Project("{9A19103F-16F7-4668-BE54-9A1E7A4F7556}") = "OrleansPOC.GrainInterfaces", "OrleansPOC.GrainInterfaces\OrleansPOC.GrainInterfaces.csproj", "{50EB2377-5F71-4F15-A03D-FDBA254E9AF8}"
EndProject
Project("{FAE04EC0-301F-11D3-BF4B-00C04F79EFBC}") = "OrleansPOC.Grains", "OrleansPOC.Grains\OrleansPOC.Grains.csproj", "{9FCB7AA6-7D35-4289-BE87-896FF18EA91E}"
EndProject
Global
	GlobalSection(SolutionConfigurationPlatforms) = preSolution
		Debug|Any CPU = Debug|Any CPU
		Release|Any CPU = Release|Any CPU
	EndGlobalSection
	GlobalSection(ProjectConfigurationPlatforms) = postSolution
		{50EB2377-5F71-4F15-A03D-FDBA254E9AF8}.Debug|Any CPU.ActiveCfg = Debug|Any CPU
		{50EB2377-5F71-4F15-A03D-FDBA254E9AF8}.Debug|Any CPU.Build.0 = Debug|Any CPU
		{50EB2377-5F71-4F15-A03D-FDBA254E9AF8}.Release|Any CPU.ActiveCfg = Release|Any CPU
		{50EB2377-5F71-4F15-A03D-FDBA254E9AF8}.Release|Any CPU.Build.0 = Release|Any CPU
		{9FCB7AA6-7D35-4289-BE87-896FF18EA91E}.Debug|Any CPU.ActiveCfg = Debug|Any CPU
		{9FCB7AA6-7D35-4289-BE87-896FF18EA91E}.Debug|Any CPU.Build.0 = Debug|Any CPU
		{9FCB7AA6-7D35-4289-BE87-896FF18EA91E}.Release|Any CPU.ActiveCfg = Release|Any CPU
		{9FCB7AA6-7D35-4289-BE87-896FF18EA91E}.Release|Any CPU.Build.0 = Release|Any CPU
	EndGlobalSection
	GlobalSection(SolutionProperties) = preSolution
		HideSolutionNode = FALSE
	EndGlobalSection
	GlobalSection(ExtensibilityGlobals) = postSolution
		SolutionGuid = {DD41EE58-5073-4BD8-A6ED-90E8E917CBE5}
	EndGlobalSection
EndGlobal
